{
    "_readme": [
        "This file locks the dependencies of your project to a known state",
        "Read more about it at http://getcomposer.org/doc/01-basic-usage.md#composer-lock-the-lock-file"
    ],
    "hash": "96a646f975823fb5856e7abf9378677e",
    "packages": [
        {
            "name": "google/apiclient",
            "version": "dev-master",
            "source": {
                "type": "git",
                "url": "https://github.com/google/google-api-php-client.git",
                "reference": "e4e828e25860a0dbb0e8bdb8bbd401d51a93a5d1"
            },
            "dist": {
                "type": "zip",
                "url": "https://api.github.com/repos/google/google-api-php-client/zipball/e4e828e25860a0dbb0e8bdb8bbd401d51a93a5d1",
                "reference": "e4e828e25860a0dbb0e8bdb8bbd401d51a93a5d1",
                "shasum": ""
            },
            "require": {
                "php": ">=5.2.1"
            },
            "require-dev": {
                "phpunit/phpunit": "3.7.*"
            },
            "type": "library",
            "autoload": {
                "classmap": [
                    "src/"
                ]
            },
            "notification-url": "https://packagist.org/downloads/",
            "include-path": [
                "src/"
            ],
            "license": [
                "Apache-2.0"
            ],
            "description": "Client library for Google APIs",
            "homepage": "http://developers.google.com/api-client-library/php",
            "keywords": [
                "google"
            ],
            "time": "2014-04-25 06:22:17"
        }
    ],
    "packages-dev": [

    ],
    "aliases": [

    ],
    "minimum-stability": "stable",
    "stability-flags": {
        "google/apiclient": 20
    },
    "platform": [

    ],
    "platform-dev": [

    ]
}
